
Microsoft Visual Studio Solution File, Format Version 12.00
# Visual Studio Version 16
VisualStudioVersion = 16.0.31410.357
MinimumVisualStudioVersion = 10.0.40219.1
Project("{FAE04EC0-301F-11D3-BF4B-00C04F79EFBC}") = "BasicCoreProgramming", "BasicCoreProgramming\BasicCoreProgramming.csproj", "{79E98914-2594-4A79-94E2-03F5933CA06A}"
EndProject
Global
	GlobalSection(SolutionConfigurationPlatforms) = preSolution
		Debug|Any CPU = Debug|Any CPU
		Release|Any CPU = Release|Any CPU
	EndGlobalSection
	GlobalSection(ProjectConfigurationPlatforms) = postSolution
		{79E98914-2594-4A79-94E2-03F5933CA06A}.Debug|Any CPU.ActiveCfg = Debug|Any CPU
		{79E98914-2594-4A79-94E2-03F5933CA06A}.Debug|Any CPU.Build.0 = Debug|Any CPU
		{79E98914-2594-4A79-94E2-03F5933CA06A}.Release|Any CPU.ActiveCfg = Release|Any CPU
		{79E98914-2594-4A79-94E2-03F5933CA06A}.Release|Any CPU.Build.0 = Release|Any CPU
	EndGlobalSection
	GlobalSection(SolutionProperties) = preSolution
		HideSolutionNode = FALSE
	EndGlobalSection
	GlobalSection(ExtensibilityGlobals) = postSolution
		SolutionGuid = {8C82DFBA-2458-4146-8755-B231306FF807}
	EndGlobalSection
EndGlobal
